
Microsoft Visual Studio Solution File, Format Version 12.00
# Visual Studio Version 17
VisualStudioVersion = 17.3.32819.101
MinimumVisualStudioVersion = 10.0.40219.1
Project("{FAE04EC0-301F-11D3-BF4B-00C04F79EFBC}") = "Git.abApp", "Git.abApp\Git.abApp.csproj", "{97E47B46-5F25-47F0-B305-2E44169D8312}"
EndProject
Global
	GlobalSection(SolutionConfigurationPlatforms) = preSolution
		Debug|Any CPU = Debug|Any CPU
		Release|Any CPU = Release|Any CPU
	EndGlobalSection
	GlobalSection(ProjectConfigurationPlatforms) = postSolution
		{97E47B46-5F25-47F0-B305-2E44169D8312}.Debug|Any CPU.ActiveCfg = Debug|Any CPU
		{97E47B46-5F25-47F0-B305-2E44169D8312}.Debug|Any CPU.Build.0 = Debug|Any CPU
		{97E47B46-5F25-47F0-B305-2E44169D8312}.Release|Any CPU.ActiveCfg = Release|Any CPU
		{97E47B46-5F25-47F0-B305-2E44169D8312}.Release|Any CPU.Build.0 = Release|Any CPU
	EndGlobalSection
	GlobalSection(SolutionProperties) = preSolution
		HideSolutionNode = FALSE
	EndGlobalSection
	GlobalSection(ExtensibilityGlobals) = postSolution
		SolutionGuid = {482CD570-938F-4A8C-92BE-48AC42833554}
	EndGlobalSection
EndGlobal
